
Microsoft Visual Studio Solution File, Format Version 12.00
# Visual Studio 14
VisualStudioVersion = 14.0.22823.1
MinimumVisualStudioVersion = 10.0.40219.1
Project("{FAE04EC0-301F-11D3-BF4B-00C04F79EFBC}") = "IoTClient", "IoTClient\IoTClient.csproj", "{794B7623-30AE-4C85-ADE4-8986CE420425}"
EndProject
Project("{FAE04EC0-301F-11D3-BF4B-00C04F79EFBC}") = "Pi2EventHubProcessor", "Pi2EventHubProcessor\Pi2EventHubProcessor.csproj", "{BC00DD9E-8EC8-434C-A309-072A0A2BB587}"
EndProject
Project("{FAE04EC0-301F-11D3-BF4B-00C04F79EFBC}") = "AzureSBLite.WInRT", "AzureSBLite.WInRT\AzureSBLite.WInRT.csproj", "{E0E00170-15C8-4692-A80D-C365D629694C}"
EndProject
Project("{FAE04EC0-301F-11D3-BF4B-00C04F79EFBC}") = "ConnectTheDotsWebSite", "ConnectTheDotsWebSite\ConnectTheDotsWebSite.csproj", "{2E3E7496-59D5-48BC-909E-207120886E3E}"
EndProject
Project("{FAE04EC0-301F-11D3-BF4B-00C04F79EFBC}") = "Blinky", "Blinky\Blinky.csproj", "{3662C7F2-04F8-4046-BF8E-EF1AC302DFE2}"
EndProject
Project("{FAE04EC0-301F-11D3-BF4B-00C04F79EFBC}") = "PushButton", "PushButton\PushButton.csproj", "{FAEFE2B1-6B3D-46FC-AB15-3CBA627CC87F}"
EndProject
Project("{FAE04EC0-301F-11D3-BF4B-00C04F79EFBC}") = "Pi2ToEventHubs", "Pi2ToEventHubs\Pi2ToEventHubs.csproj", "{BB787479-2168-428C-823F-1DEE8DB3EC1D}"
EndProject
Project("{FAE04EC0-301F-11D3-BF4B-00C04F79EFBC}") = "IoTSpikeDemo", "IoTSpikeDemo\IoTSpikeDemo.csproj", "{994B47BD-B03F-4AC3-95A7-B9FF188F3F4A}"
EndProject
Global
	GlobalSection(SolutionConfigurationPlatforms) = preSolution
		Debug|Any CPU = Debug|Any CPU
		Debug|ARM = Debug|ARM
		Debug|x64 = Debug|x64
		Debug|x86 = Debug|x86
		Release|Any CPU = Release|Any CPU
		Release|ARM = Release|ARM
		Release|x64 = Release|x64
		Release|x86 = Release|x86
	EndGlobalSection
	GlobalSection(ProjectConfigurationPlatforms) = postSolution
		{794B7623-30AE-4C85-ADE4-8986CE420425}.Debug|Any CPU.ActiveCfg = Debug|Any CPU
		{794B7623-30AE-4C85-ADE4-8986CE420425}.Debug|Any CPU.Build.0 = Debug|Any CPU
		{794B7623-30AE-4C85-ADE4-8986CE420425}.Debug|ARM.ActiveCfg = Debug|ARM
		{794B7623-30AE-4C85-ADE4-8986CE420425}.Debug|ARM.Build.0 = Debug|ARM
		{794B7623-30AE-4C85-ADE4-8986CE420425}.Debug|x64.ActiveCfg = Debug|x64
		{794B7623-30AE-4C85-ADE4-8986CE420425}.Debug|x64.Build.0 = Debug|x64
		{794B7623-30AE-4C85-ADE4-8986CE420425}.Debug|x86.ActiveCfg = Debug|x86
		{794B7623-30AE-4C85-ADE4-8986CE420425}.Debug|x86.Build.0 = Debug|x86
		{794B7623-30AE-4C85-ADE4-8986CE420425}.Release|Any CPU.ActiveCfg = Release|Any CPU
		{794B7623-30AE-4C85-ADE4-8986CE420425}.Release|Any CPU.Build.0 = Release|Any CPU
		{794B7623-30AE-4C85-ADE4-8986CE420425}.Release|ARM.ActiveCfg = Release|ARM
		{794B7623-30AE-4C85-ADE4-8986CE420425}.Release|ARM.Build.0 = Release|ARM
		{794B7623-30AE-4C85-ADE4-8986CE420425}.Release|x64.ActiveCfg = Release|x64
		{794B7623-30AE-4C85-ADE4-8986CE420425}.Release|x64.Build.0 = Release|x64
		{794B7623-30AE-4C85-ADE4-8986CE420425}.Release|x86.ActiveCfg = Release|x86
		{794B7623-30AE-4C85-ADE4-8986CE420425}.Release|x86.Build.0 = Release|x86
		{BC00DD9E-8EC8-434C-A309-072A0A2BB587}.Debug|Any CPU.ActiveCfg = Debug|Any CPU
		{BC00DD9E-8EC8-434C-A309-072A0A2BB587}.Debug|Any CPU.Build.0 = Debug|Any CPU
		{BC00DD9E-8EC8-434C-A309-072A0A2BB587}.Debug|ARM.ActiveCfg = Debug|Any CPU
		{BC00DD9E-8EC8-434C-A309-072A0A2BB587}.Debug|ARM.Build.0 = Debug|Any CPU
		{BC00DD9E-8EC8-434C-A309-072A0A2BB587}.Debug|x64.ActiveCfg = Debug|Any CPU
		{BC00DD9E-8EC8-434C-A309-072A0A2BB587}.Debug|x64.Build.0 = Debug|Any CPU
		{BC00DD9E-8EC8-434C-A309-072A0A2BB587}.Debug|x86.ActiveCfg = Debug|Any CPU
		{BC00DD9E-8EC8-434C-A309-072A0A2BB587}.Debug|x86.Build.0 = Debug|Any CPU
		{BC00DD9E-8EC8-434C-A309-072A0A2BB587}.Release|Any CPU.ActiveCfg = Release|Any CPU
		{BC00DD9E-8EC8-434C-A309-072A0A2BB587}.Release|Any CPU.Build.0 = Release|Any CPU
		{BC00DD9E-8EC8-434C-A309-072A0A2BB587}.Release|ARM.ActiveCfg = Release|Any CPU
		{BC00DD9E-8EC8-434C-A309-072A0A2BB587}.Release|ARM.Build.0 = Release|Any CPU
		{BC00DD9E-8EC8-434C-A309-072A0A2BB587}.Release|x64.ActiveCfg = Release|Any CPU
		{BC00DD9E-8EC8-434C-A309-072A0A2BB587}.Release|x64.Build.0 = Release|Any CPU
		{BC00DD9E-8EC8-434C-A309-072A0A2BB587}.Release|x86.ActiveCfg = Release|Any CPU
		{BC00DD9E-8EC8-434C-A309-072A0A2BB587}.Release|x86.Build.0 = Release|Any CPU
		{E0E00170-15C8-4692-A80D-C365D629694C}.Debug|Any CPU.ActiveCfg = Debug|Any CPU
		{E0E00170-15C8-4692-A80D-C365D629694C}.Debug|Any CPU.Build.0 = Debug|Any CPU
		{E0E00170-15C8-4692-A80D-C365D629694C}.Debug|ARM.ActiveCfg = Debug|ARM
		{E0E00170-15C8-4692-A80D-C365D629694C}.Debug|ARM.Build.0 = Debug|ARM
		{E0E00170-15C8-4692-A80D-C365D629694C}.Debug|x64.ActiveCfg = Debug|x64
		{E0E00170-15C8-4692-A80D-C365D629694C}.Debug|x64.Build.0 = Debug|x64
		{E0E00170-15C8-4692-A80D-C365D629694C}.Debug|x86.ActiveCfg = Debug|x86
		{E0E00170-15C8-4692-A80D-C365D629694C}.Debug|x86.Build.0 = Debug|x86
		{E0E00170-15C8-4692-A80D-C365D629694C}.Release|Any CPU.ActiveCfg = Release|Any CPU
		{E0E00170-15C8-4692-A80D-C365D629694C}.Release|Any CPU.Build.0 = Release|Any CPU
		{E0E00170-15C8-4692-A80D-C365D629694C}.Release|ARM.ActiveCfg = Release|ARM
		{E0E00170-15C8-4692-A80D-C365D629694C}.Release|ARM.Build.0 = Release|ARM
		{E0E00170-15C8-4692-A80D-C365D629694C}.Release|x64.ActiveCfg = Release|x64
		{E0E00170-15C8-4692-A80D-C365D629694C}.Release|x64.Build.0 = Release|x64
		{E0E00170-15C8-4692-A80D-C365D629694C}.Release|x86.ActiveCfg = Release|x86
		{E0E00170-15C8-4692-A80D-C365D629694C}.Release|x86.Build.0 = Release|x86
		{2E3E7496-59D5-48BC-909E-207120886E3E}.Debug|Any CPU.ActiveCfg = Debug|Any CPU
		{2E3E7496-59D5-48BC-909E-207120886E3E}.Debug|Any CPU.Build.0 = Debug|Any CPU
		{2E3E7496-59D5-48BC-909E-207120886E3E}.Debug|ARM.ActiveCfg = Debug|Any CPU
		{2E3E7496-59D5-48BC-909E-207120886E3E}.Debug|ARM.Build.0 = Debug|Any CPU
		{2E3E7496-59D5-48BC-909E-207120886E3E}.Debug|x64.ActiveCfg = Debug|Any CPU
		{2E3E7496-59D5-48BC-909E-207120886E3E}.Debug|x64.Build.0 = Debug|Any CPU
		{2E3E7496-59D5-48BC-909E-207120886E3E}.Debug|x86.ActiveCfg = Debug|Any CPU
		{2E3E7496-59D5-48BC-909E-207120886E3E}.Debug|x86.Build.0 = Debug|Any CPU
		{2E3E7496-59D5-48BC-909E-207120886E3E}.Release|Any CPU.ActiveCfg = Release|Any CPU
		{2E3E7496-59D5-48BC-909E-207120886E3E}.Release|Any CPU.Build.0 = Release|Any CPU
		{2E3E7496-59D5-48BC-909E-207120886E3E}.Release|ARM.ActiveCfg = Release|Any CPU
		{2E3E7496-59D5-48BC-909E-207120886E3E}.Release|ARM.Build.0 = Release|Any CPU
		{2E3E7496-59D5-48BC-909E-207120886E3E}.Release|x64.ActiveCfg = Release|Any CPU
		{2E3E7496-59D5-48BC-909E-207120886E3E}.Release|x64.Build.0 = Release|Any CPU
		{2E3E7496-59D5-48BC-909E-207120886E3E}.Release|x86.ActiveCfg = Release|Any CPU
		{2E3E7496-59D5-48BC-909E-207120886E3E}.Release|x86.Build.0 = Release|Any CPU
		{3662C7F2-04F8-4046-BF8E-EF1AC302DFE2}.Debug|Any CPU.ActiveCfg = Debug|x86
		{3662C7F2-04F8-4046-BF8E-EF1AC302DFE2}.Debug|ARM.ActiveCfg = Debug|ARM
		{3662C7F2-04F8-4046-BF8E-EF1AC302DFE2}.Debug|ARM.Build.0 = Debug|ARM
		{3662C7F2-04F8-4046-BF8E-EF1AC302DFE2}.Debug|ARM.Deploy.0 = Debug|ARM
		{3662C7F2-04F8-4046-BF8E-EF1AC302DFE2}.Debug|x64.ActiveCfg = Debug|x64
		{3662C7F2-04F8-4046-BF8E-EF1AC302DFE2}.Debug|x64.Build.0 = Debug|x64
		{3662C7F2-04F8-4046-BF8E-EF1AC302DFE2}.Debug|x64.Deploy.0 = Debug|x64
		{3662C7F2-04F8-4046-BF8E-EF1AC302DFE2}.Debug|x86.ActiveCfg = Debug|x86
		{3662C7F2-04F8-4046-BF8E-EF1AC302DFE2}.Debug|x86.Build.0 = Debug|x86
		{3662C7F2-04F8-4046-BF8E-EF1AC302DFE2}.Debug|x86.Deploy.0 = Debug|x86
		{3662C7F2-04F8-4046-BF8E-EF1AC302DFE2}.Release|Any CPU.ActiveCfg = Release|x86
		{3662C7F2-04F8-4046-BF8E-EF1AC302DFE2}.Release|ARM.ActiveCfg = Release|ARM
		{3662C7F2-04F8-4046-BF8E-EF1AC302DFE2}.Release|ARM.Build.0 = Release|ARM
		{3662C7F2-04F8-4046-BF8E-EF1AC302DFE2}.Release|ARM.Deploy.0 = Release|ARM
		{3662C7F2-04F8-4046-BF8E-EF1AC302DFE2}.Release|x64.ActiveCfg = Release|x64
		{3662C7F2-04F8-4046-BF8E-EF1AC302DFE2}.Release|x64.Build.0 = Release|x64
		{3662C7F2-04F8-4046-BF8E-EF1AC302DFE2}.Release|x64.Deploy.0 = Release|x64
		{3662C7F2-04F8-4046-BF8E-EF1AC302DFE2}.Release|x86.ActiveCfg = Release|x86
		{3662C7F2-04F8-4046-BF8E-EF1AC302DFE2}.Release|x86.Build.0 = Release|x86
		{3662C7F2-04F8-4046-BF8E-EF1AC302DFE2}.Release|x86.Deploy.0 = Release|x86
		{FAEFE2B1-6B3D-46FC-AB15-3CBA627CC87F}.Debug|Any CPU.ActiveCfg = Debug|x86
		{FAEFE2B1-6B3D-46FC-AB15-3CBA627CC87F}.Debug|ARM.ActiveCfg = Debug|ARM
		{FAEFE2B1-6B3D-46FC-AB15-3CBA627CC87F}.Debug|ARM.Build.0 = Debug|ARM
		{FAEFE2B1-6B3D-46FC-AB15-3CBA627CC87F}.Debug|ARM.Deploy.0 = Debug|ARM
		{FAEFE2B1-6B3D-46FC-AB15-3CBA627CC87F}.Debug|x64.ActiveCfg = Debug|x64
		{FAEFE2B1-6B3D-46FC-AB15-3CBA627CC87F}.Debug|x64.Build.0 = Debug|x64
		{FAEFE2B1-6B3D-46FC-AB15-3CBA627CC87F}.Debug|x64.Deploy.0 = Debug|x64
		{FAEFE2B1-6B3D-46FC-AB15-3CBA627CC87F}.Debug|x86.ActiveCfg = Debug|x86
		{FAEFE2B1-6B3D-46FC-AB15-3CBA627CC87F}.Debug|x86.Build.0 = Debug|x86
		{FAEFE2B1-6B3D-46FC-AB15-3CBA627CC87F}.Debug|x86.Deploy.0 = Debug|x86
		{FAEFE2B1-6B3D-46FC-AB15-3CBA627CC87F}.Release|Any CPU.ActiveCfg = Release|x86
		{FAEFE2B1-6B3D-46FC-AB15-3CBA627CC87F}.Release|ARM.ActiveCfg = Release|ARM
		{FAEFE2B1-6B3D-46FC-AB15-3CBA627CC87F}.Release|ARM.Build.0 = Release|ARM
		{FAEFE2B1-6B3D-46FC-AB15-3CBA627CC87F}.Release|ARM.Deploy.0 = Release|ARM
		{FAEFE2B1-6B3D-46FC-AB15-3CBA627CC87F}.Release|x64.ActiveCfg = Release|x64
		{FAEFE2B1-6B3D-46FC-AB15-3CBA627CC87F}.Release|x64.Build.0 = Release|x64
		{FAEFE2B1-6B3D-46FC-AB15-3CBA627CC87F}.Release|x64.Deploy.0 = Release|x64
		{FAEFE2B1-6B3D-46FC-AB15-3CBA627CC87F}.Release|x86.ActiveCfg = Release|x86
		{FAEFE2B1-6B3D-46FC-AB15-3CBA627CC87F}.Release|x86.Build.0 = Release|x86
		{FAEFE2B1-6B3D-46FC-AB15-3CBA627CC87F}.Release|x86.Deploy.0 = Release|x86
		{BB787479-2168-428C-823F-1DEE8DB3EC1D}.Debug|Any CPU.ActiveCfg = Debug|x86
		{BB787479-2168-428C-823F-1DEE8DB3EC1D}.Debug|ARM.ActiveCfg = Debug|ARM
		{BB787479-2168-428C-823F-1DEE8DB3EC1D}.Debug|ARM.Build.0 = Debug|ARM
		{BB787479-2168-428C-823F-1DEE8DB3EC1D}.Debug|ARM.Deploy.0 = Debug|ARM
		{BB787479-2168-428C-823F-1DEE8DB3EC1D}.Debug|x64.ActiveCfg = Debug|x64
		{BB787479-2168-428C-823F-1DEE8DB3EC1D}.Debug|x64.Build.0 = Debug|x64
		{BB787479-2168-428C-823F-1DEE8DB3EC1D}.Debug|x64.Deploy.0 = Debug|x64
		{BB787479-2168-428C-823F-1DEE8DB3EC1D}.Debug|x86.ActiveCfg = Debug|x86
		{BB787479-2168-428C-823F-1DEE8DB3EC1D}.Debug|x86.Build.0 = Debug|x86
		{BB787479-2168-428C-823F-1DEE8DB3EC1D}.Debug|x86.Deploy.0 = Debug|x86
		{BB787479-2168-428C-823F-1DEE8DB3EC1D}.Release|Any CPU.ActiveCfg = Release|x86
		{BB787479-2168-428C-823F-1DEE8DB3EC1D}.Release|ARM.ActiveCfg = Release|ARM
		{BB787479-2168-428C-823F-1DEE8DB3EC1D}.Release|ARM.Build.0 = Release|ARM
		{BB787479-2168-428C-823F-1DEE8DB3EC1D}.Release|ARM.Deploy.0 = Release|ARM
		{BB787479-2168-428C-823F-1DEE8DB3EC1D}.Release|x64.ActiveCfg = Release|x64
		{BB787479-2168-428C-823F-1DEE8DB3EC1D}.Release|x64.Build.0 = Release|x64
		{BB787479-2168-428C-823F-1DEE8DB3EC1D}.Release|x64.Deploy.0 = Release|x64
		{BB787479-2168-428C-823F-1DEE8DB3EC1D}.Release|x86.ActiveCfg = Release|x86
		{BB787479-2168-428C-823F-1DEE8DB3EC1D}.Release|x86.Build.0 = Release|x86
		{BB787479-2168-428C-823F-1DEE8DB3EC1D}.Release|x86.Deploy.0 = Release|x86
		{994B47BD-B03F-4AC3-95A7-B9FF188F3F4A}.Debug|Any CPU.ActiveCfg = Debug|x86
		{994B47BD-B03F-4AC3-95A7-B9FF188F3F4A}.Debug|ARM.ActiveCfg = Debug|ARM
		{994B47BD-B03F-4AC3-95A7-B9FF188F3F4A}.Debug|ARM.Build.0 = Debug|ARM
		{994B47BD-B03F-4AC3-95A7-B9FF188F3F4A}.Debug|ARM.Deploy.0 = Debug|ARM
		{994B47BD-B03F-4AC3-95A7-B9FF188F3F4A}.Debug|x64.ActiveCfg = Debug|x64
		{994B47BD-B03F-4AC3-95A7-B9FF188F3F4A}.Debug|x64.Build.0 = Debug|x64
		{994B47BD-B03F-4AC3-95A7-B9FF188F3F4A}.Debug|x64.Deploy.0 = Debug|x64
		{994B47BD-B03F-4AC3-95A7-B9FF188F3F4A}.Debug|x86.ActiveCfg = Debug|x86
		{994B47BD-B03F-4AC3-95A7-B9FF188F3F4A}.Debug|x86.Build.0 = Debug|x86
		{994B47BD-B03F-4AC3-95A7-B9FF188F3F4A}.Debug|x86.Deploy.0 = Debug|x86
		{994B47BD-B03F-4AC3-95A7-B9FF188F3F4A}.Release|Any CPU.ActiveCfg = Release|x86
		{994B47BD-B03F-4AC3-95A7-B9FF188F3F4A}.Release|ARM.ActiveCfg = Release|ARM
		{994B47BD-B03F-4AC3-95A7-B9FF188F3F4A}.Release|ARM.Build.0 = Release|ARM
		{994B47BD-B03F-4AC3-95A7-B9FF188F3F4A}.Release|ARM.Deploy.0 = Release|ARM
		{994B47BD-B03F-4AC3-95A7-B9FF188F3F4A}.Release|x64.ActiveCfg = Release|x64
		{994B47BD-B03F-4AC3-95A7-B9FF188F3F4A}.Release|x64.Build.0 = Release|x64
		{994B47BD-B03F-4AC3-95A7-B9FF188F3F4A}.Release|x64.Deploy.0 = Release|x64
		{994B47BD-B03F-4AC3-95A7-B9FF188F3F4A}.Release|x86.ActiveCfg = Release|x86
		{994B47BD-B03F-4AC3-95A7-B9FF188F3F4A}.Release|x86.Build.0 = Release|x86
		{994B47BD-B03F-4AC3-95A7-B9FF188F3F4A}.Release|x86.Deploy.0 = Release|x86
	EndGlobalSection
	GlobalSection(SolutionProperties) = preSolution
		HideSolutionNode = FALSE
	EndGlobalSection
	GlobalSection(TeamFoundationVersionControl) = preSolution
		SccNumberOfProjects = 9
		SccEnterpriseProvider = {4CA58AB2-18FA-4F8D-95D4-32DDF27D184C}
		SccTeamFoundationServer = https://vinyes.visualstudio.com/defaultcollection
		SccLocalPath0 = .
		SccProjectUniqueName1 = AzureSBLite.WInRT\\AzureSBLite.WInRT.csproj
		SccProjectName1 = AzureSBLite.WInRT
		SccLocalPath1 = AzureSBLite.WInRT
		SccProjectUniqueName2 = IoTClient\\IoTClient.csproj
		SccProjectName2 = IoTClient
		SccLocalPath2 = IoTClient
		SccProjectUniqueName3 = Pi2EventHubProcessor\\Pi2EventHubProcessor.csproj
		SccProjectName3 = Pi2EventHubProcessor
		SccLocalPath3 = Pi2EventHubProcessor
		SccProjectUniqueName4 = ConnectTheDotsWebSite\\ConnectTheDotsWebSite.csproj
		SccProjectName4 = ConnectTheDotsWebSite
		SccLocalPath4 = ConnectTheDotsWebSite
		SccProjectUniqueName5 = Blinky\\Blinky.csproj
		SccProjectName5 = Blinky
		SccLocalPath5 = Blinky
		SccProjectUniqueName6 = PushButton\\PushButton.csproj
		SccProjectName6 = PushButton
		SccLocalPath6 = PushButton
		SccProjectUniqueName7 = Pi2ToEventHubs\\Pi2ToEventHubs.csproj
		SccProjectName7 = Pi2ToEventHubs
		SccLocalPath7 = Pi2ToEventHubs
		SccProjectUniqueName8 = IoTSpikeDemo\\IoTSpikeDemo.csproj
		SccProjectName8 = IoTSpikeDemo
		SccLocalPath8 = IoTSpikeDemo
	EndGlobalSection
EndGlobal
